// !$*UTF8*$!
{
	archiveVersion = 1;
	classes = {
	};
	objectVersion = 55;
	objects = {

/* Begin PBXBuildFile section */
		EB1B5703285D2B210004AEA3 /* EditQuoteView.swift in Sources */ = {isa = PBXBuildFile; fileRef = EB1B5702285D2B210004AEA3 /* EditQuoteView.swift */; };
		EB1B5707285D2D460004AEA3 /* ThemeView.swift in Sources */ = {isa = PBXBuildFile; fileRef = EB1B5706285D2D460004AEA3 /* ThemeView.swift */; };
		EB1E0B8F28634B8C00905B0B /* BackgroundView.swift in Sources */ = {isa = PBXBuildFile; fileRef = EB1E0B8E28634B8C00905B0B /* BackgroundView.swift */; };
		EB1E0B912863556C00905B0B /* ErrorWrapper.swift in Sources */ = {isa = PBXBuildFile; fileRef = EB1E0B902863556C00905B0B /* ErrorWrapper.swift */; };
		EB1E0B93286376C000905B0B /* listRowBackgroundView.swift in Sources */ = {isa = PBXBuildFile; fileRef = EB1E0B92286376C000905B0B /* listRowBackgroundView.swift */; };
		EB6958E128627430007BEFFD /* QuoteStore.swift in Sources */ = {isa = PBXBuildFile; fileRef = EB6958E028627430007BEFFD /* QuoteStore.swift */; };
		EB6C27B5285E7B980019BE31 /* ImagePicker.swift in Sources */ = {isa = PBXBuildFile; fileRef = EB6C27B4285E7B980019BE31 /* ImagePicker.swift */; };
		EBB4BBB9285CFA6E0061535D /* DevisApp.swift in Sources */ = {isa = PBXBuildFile; fileRef = EBB4BBB8285CFA6E0061535D /* DevisApp.swift */; };
		EBB4BBBB285CFA6E0061535D /* QuoteView.swift in Sources */ = {isa = PBXBuildFile; fileRef = EBB4BBBA285CFA6E0061535D /* QuoteView.swift */; };
		EBB4BBBD285CFA6F0061535D /* Assets.xcassets in Resources */ = {isa = PBXBuildFile; fileRef = EBB4BBBC285CFA6F0061535D /* Assets.xcassets */; };
		EBB4BBC0285CFA6F0061535D /* Preview Assets.xcassets in Resources */ = {isa = PBXBuildFile; fileRef = EBB4BBBF285CFA6F0061535D /* Preview Assets.xcassets */; };
		EBB4BBC8285D00250061535D /* Constants.swift in Sources */ = {isa = PBXBuildFile; fileRef = EBB4BBC7285D00250061535D /* Constants.swift */; };
		EBB4BBCC285D07DC0061535D /* Quote.swift in Sources */ = {isa = PBXBuildFile; fileRef = EBB4BBCB285D07DC0061535D /* Quote.swift */; };
		EBE44599285D147F005568EB /* Theme.swift in Sources */ = {isa = PBXBuildFile; fileRef = EBE44598285D147F005568EB /* Theme.swift */; };
		EBFE657E2860A8AE00AFF12A /* CardView.swift in Sources */ = {isa = PBXBuildFile; fileRef = EBFE657D2860A8AE00AFF12A /* CardView.swift */; };
		EBFE65802860CFBF00AFF12A /* CardListView.swift in Sources */ = {isa = PBXBuildFile; fileRef = EBFE657F2860CFBF00AFF12A /* CardListView.swift */; };
/* End PBXBuildFile section */

/* Begin PBXFileReference section */
		EB1B5702285D2B210004AEA3 /* EditQuoteView.swift */ = {isa = PBXFileReference; lastKnownFileType = sourcecode.swift; path = EditQuoteView.swift; sourceTree = "<group>"; };
		EB1B5706285D2D460004AEA3 /* ThemeView.swift */ = {isa = PBXFileReference; lastKnownFileType = sourcecode.swift; path = ThemeView.swift; sourceTree = "<group>"; };
		EB1E0B8E28634B8C00905B0B /* BackgroundView.swift */ = {isa = PBXFileReference; lastKnownFileType = sourcecode.swift; path = BackgroundView.swift; sourceTree = "<group>"; };
		EB1E0B902863556C00905B0B /* ErrorWrapper.swift */ = {isa = PBXFileReference; lastKnownFileType = sourcecode.swift; path = ErrorWrapper.swift; sourceTree = "<group>"; };
		EB1E0B92286376C000905B0B /* listRowBackgroundView.swift */ = {isa = PBXFileReference; lastKnownFileType = sourcecode.swift; path = listRowBackgroundView.swift; sourceTree = "<group>"; };
		EB6958E028627430007BEFFD /* QuoteStore.swift */ = {isa = PBXFileReference; lastKnownFileType = sourcecode.swift; path = QuoteStore.swift; sourceTree = "<group>"; };
		EB6C27B4285E7B980019BE31 /* ImagePicker.swift */ = {isa = PBXFileReference; lastKnownFileType = sourcecode.swift; path = ImagePicker.swift; sourceTree = "<group>"; };
		EBB4BBB5285CFA6E0061535D /* Devis.app */ = {isa = PBXFileReference; explicitFileType = wrapper.application; includeInIndex = 0; path = Devis.app; sourceTree = BUILT_PRODUCTS_DIR; };
		EBB4BBB8285CFA6E0061535D /* DevisApp.swift */ = {isa = PBXFileReference; lastKnownFileType = sourcecode.swift; path = DevisApp.swift; sourceTree = "<group>"; };
		EBB4BBBA285CFA6E0061535D /* QuoteView.swift */ = {isa = PBXFileReference; lastKnownFileType = sourcecode.swift; path = QuoteView.swift; sourceTree = "<group>"; };
		EBB4BBBC285CFA6F0061535D /* Assets.xcassets */ = {isa = PBXFileReference; lastKnownFileType = folder.assetcatalog; path = Assets.xcassets; sourceTree = "<group>"; };
		EBB4BBBF285CFA6F0061535D /* Preview Assets.xcassets */ = {isa = PBXFileReference; lastKnownFileType = folder.assetcatalog; path = "Preview Assets.xcassets"; sourceTree = "<group>"; };
		EBB4BBC7285D00250061535D /* Constants.swift */ = {isa = PBXFileReference; lastKnownFileType = sourcecode.swift; path = Constants.swift; sourceTree = "<group>"; };
		EBB4BBCB285D07DC0061535D /* Quote.swift */ = {isa = PBXFileReference; lastKnownFileType = sourcecode.swift; path = Quote.swift; sourceTree = "<group>"; };
		EBE44598285D147F005568EB /* Theme.swift */ = {isa = PBXFileReference; lastKnownFileType = sourcecode.swift; path = Theme.swift; sourceTree = "<group>"; };
		EBFE657D2860A8AE00AFF12A /* CardView.swift */ = {isa = PBXFileReference; lastKnownFileType = sourcecode.swift; path = CardView.swift; sourceTree = "<group>"; };
		EBFE657F2860CFBF00AFF12A /* CardListView.swift */ = {isa = PBXFileReference; lastKnownFileType = sourcecode.swift; path = CardListView.swift; sourceTree = "<group>"; };
/* End PBXFileReference section */

/* Begin PBXFrameworksBuildPhase section */
		EBB4BBB2285CFA6E0061535D /* Frameworks */ = {
			isa = PBXFrameworksBuildPhase;
			buildActionMask = 2147483647;
			files = (
			);
			runOnlyForDeploymentPostprocessing = 0;
		};
/* End PBXFrameworksBuildPhase section */

/* Begin PBXGroup section */
		EBB4BBAC285CFA6E0061535D = {
			isa = PBXGroup;
			children = (
				EBB4BBB7285CFA6E0061535D /* Devis */,
				EBB4BBB6285CFA6E0061535D /* Products */,
			);
			sourceTree = "<group>";
		};
		EBB4BBB6285CFA6E0061535D /* Products */ = {
			isa = PBXGroup;
			children = (
				EBB4BBB5285CFA6E0061535D /* Devis.app */,
			);
			name = Products;
			sourceTree = "<group>";
		};
		EBB4BBB7285CFA6E0061535D /* Devis */ = {
			isa = PBXGroup;
			children = (
				EBB4BBC6285D00130061535D /* Models */,
				EBB4BBB8285CFA6E0061535D /* DevisApp.swift */,
				EBFE657F2860CFBF00AFF12A /* CardListView.swift */,
				EBFE657D2860A8AE00AFF12A /* CardView.swift */,
				EBB4BBBA285CFA6E0061535D /* QuoteView.swift */,
				EB1B5702285D2B210004AEA3 /* EditQuoteView.swift */,
				EB1B5706285D2D460004AEA3 /* ThemeView.swift */,
				EB1E0B8E28634B8C00905B0B /* BackgroundView.swift */,
				EB1E0B92286376C000905B0B /* listRowBackgroundView.swift */,
				EBB4BBBC285CFA6F0061535D /* Assets.xcassets */,
				EBB4BBBE285CFA6F0061535D /* Preview Content */,
			);
			path = Devis;
			sourceTree = "<group>";
		};
		EBB4BBBE285CFA6F0061535D /* Preview Content */ = {
			isa = PBXGroup;
			children = (
				EBB4BBBF285CFA6F0061535D /* Preview Assets.xcassets */,
			);
			path = "Preview Content";
			sourceTree = "<group>";
		};
		EBB4BBC6285D00130061535D /* Models */ = {
			isa = PBXGroup;
			children = (
				EBB4BBC7285D00250061535D /* Constants.swift */,
				EBB4BBCB285D07DC0061535D /* Quote.swift */,
				EBE44598285D147F005568EB /* Theme.swift */,
				EB6C27B4285E7B980019BE31 /* ImagePicker.swift */,
				EB1E0B902863556C00905B0B /* ErrorWrapper.swift */,
				EB6958E028627430007BEFFD /* QuoteStore.swift */,
			);
			path = Models;
			sourceTree = "<group>";
		};
/* End PBXGroup section */

/* Begin PBXNativeTarget section */
		EBB4BBB4285CFA6E0061535D /* Devis */ = {
			isa = PBXNativeTarget;
			buildConfigurationList = EBB4BBC3285CFA6F0061535D /* Build configuration list for PBXNativeTarget "Devis" */;
			buildPhases = (
				EBB4BBB1285CFA6E0061535D /* Sources */,
				EBB4BBB2285CFA6E0061535D /* Frameworks */,
				EBB4BBB3285CFA6E0061535D /* Resources */,
			);
			buildRules = (
			);
			dependencies = (
			);
			name = Devis;
			productName = Devis;
			productReference = EBB4BBB5285CFA6E0061535D /* Devis.app */;
			productType = "com.apple.product-type.application";
		};
/* End PBXNativeTarget section */

/* Begin PBXProject section */
		EBB4BBAD285CFA6E0061535D /* Project object */ = {
			isa = PBXProject;
			attributes = {
				BuildIndependentTargetsInParallel = 1;
				LastSwiftUpdateCheck = 1340;
				LastUpgradeCheck = 1340;
				TargetAttributes = {
					EBB4BBB4285CFA6E0061535D = {
						CreatedOnToolsVersion = 13.4;
					};
				};
			};
			buildConfigurationList = EBB4BBB0285CFA6E0061535D /* Build configuration list for PBXProject "Devis" */;
			compatibilityVersion = "Xcode 13.0";
			developmentRegion = en;
			hasScannedForEncodings = 0;
			knownRegions = (
				en,
				Base,
			);
			mainGroup = EBB4BBAC285CFA6E0061535D;
			productRefGroup = EBB4BBB6285CFA6E0061535D /* Products */;
			projectDirPath = "";
			projectRoot = "";
			targets = (
				EBB4BBB4285CFA6E0061535D /* Devis */,
			);
		};
/* End PBXProject section */

/* Begin PBXResourcesBuildPhase section */
		EBB4BBB3285CFA6E0061535D /* Resources */ = {
			isa = PBXResourcesBuildPhase;
			buildActionMask = 2147483647;
			files = (
				EBB4BBC0285CFA6F0061535D /* Preview Assets.xcassets in Resources */,
				EBB4BBBD285CFA6F0061535D /* Assets.xcassets in Resources */,
			);
			runOnlyForDeploymentPostprocessing = 0;
		};
/* End PBXResourcesBuildPhase section */

/* Begin PBXSourcesBuildPhase section */
		EBB4BBB1285CFA6E0061535D /* Sources */ = {
			isa = PBXSourcesBuildPhase;
			buildActionMask = 2147483647;
			files = (
				EB1E0B912863556C00905B0B /* ErrorWrapper.swift in Sources */,
				EBFE65802860CFBF00AFF12A /* CardListView.swift in Sources */,
				EB1B5707285D2D460004AEA3 /* ThemeView.swift in Sources */,
				EBB4BBCC285D07DC0061535D /* Quote.swift in Sources */,
				EBFE657E2860A8AE00AFF12A /* CardView.swift in Sources */,
				EBB4BBBB285CFA6E0061535D /* QuoteView.swift in Sources */,
				EBE44599285D147F005568EB /* Theme.swift in Sources */,
				EB1E0B8F28634B8C00905B0B /* BackgroundView.swift in Sources */,
				EB1E0B93286376C000905B0B /* listRowBackgroundView.swift in Sources */,
				EB1B5703285D2B210004AEA3 /* EditQuoteView.swift in Sources */,
				EB6C27B5285E7B980019BE31 /* ImagePicker.swift in Sources */,
				EBB4BBB9285CFA6E0061535D /* DevisApp.swift in Sources */,
				EB6958E128627430007BEFFD /* QuoteStore.swift in Sources */,
				EBB4BBC8285D00250061535D /* Constants.swift in Sources */,
			);
			runOnlyForDeploymentPostprocessing = 0;
		};
/* End PBXSourcesBuildPhase section */

/* Begin XCBuildConfiguration section */
		EBB4BBC1285CFA6F0061535D /* Debug */ = {
			isa = XCBuildConfiguration;
			buildSettings = {
				ALWAYS_SEARCH_USER_PATHS = NO;
				CLANG_ANALYZER_NONNULL = YES;
				CLANG_ANALYZER_NUMBER_OBJECT_CONVERSION = YES_AGGRESSIVE;
				CLANG_CXX_LANGUAGE_STANDARD = "gnu++17";
				CLANG_ENABLE_MODULES = YES;
				CLANG_ENABLE_OBJC_ARC = YES;
				CLANG_ENABLE_OBJC_WEAK = YES;
				CLANG_WARN_BLOCK_CAPTURE_AUTORELEASING = YES;
				CLANG_WARN_BOOL_CONVERSION = YES;
				CLANG_WARN_COMMA = YES;
				CLANG_WARN_CONSTANT_CONVERSION = YES;
				CLANG_WARN_DEPRECATED_OBJC_IMPLEMENTATIONS = YES;
				CLANG_WARN_DIRECT_OBJC_ISA_USAGE = YES_ERROR;
				CLANG_WARN_DOCUMENTATION_COMMENTS = YES;
				CLANG_WARN_EMPTY_BODY = YES;
				CLANG_WARN_ENUM_CONVERSION = YES;
				CLANG_WARN_INFINITE_RECURSION = YES;
				CLANG_WARN_INT_CONVERSION = YES;
				CLANG_WARN_NON_LITERAL_NULL_CONVERSION = YES;
				CLANG_WARN_OBJC_IMPLICIT_RETAIN_SELF = YES;
				CLANG_WARN_OBJC_LITERAL_CONVERSION = YES;
				CLANG_WARN_OBJC_ROOT_CLASS = YES_ERROR;
				CLANG_WARN_QUOTED_INCLUDE_IN_FRAMEWORK_HEADER = YES;
				CLANG_WARN_RANGE_LOOP_ANALYSIS = YES;
				CLANG_WARN_STRICT_PROTOTYPES = YES;
				CLANG_WARN_SUSPICIOUS_MOVE = YES;
				CLANG_WARN_UNGUARDED_AVAILABILITY = YES_AGGRESSIVE;
				CLANG_WARN_UNREACHABLE_CODE = YES;
				CLANG_WARN__DUPLICATE_METHOD_MATCH = YES;
				COPY_PHASE_STRIP = NO;
				DEBUG_INFORMATION_FORMAT = dwarf;
				ENABLE_STRICT_OBJC_MSGSEND = YES;
				ENABLE_TESTABILITY = YES;
				GCC_C_LANGUAGE_STANDARD = gnu11;
				GCC_DYNAMIC_NO_PIC = NO;
				GCC_NO_COMMON_BLOCKS = YES;
				GCC_OPTIMIZATION_LEVEL = 0;
				GCC_PREPROCESSOR_DEFINITIONS = (
					"DEBUG=1",
					"$(inherited)",
				);
				GCC_WARN_64_TO_32_BIT_CONVERSION = YES;
				GCC_WARN_ABOUT_RETURN_TYPE = YES_ERROR;
				GCC_WARN_UNDECLARED_SELECTOR = YES;
				GCC_WARN_UNINITIALIZED_AUTOS = YES_AGGRESSIVE;
				GCC_WARN_UNUSED_FUNCTION = YES;
				GCC_WARN_UNUSED_VARIABLE = YES;
				IPHONEOS_DEPLOYMENT_TARGET = 15.5;
				MTL_ENABLE_DEBUG_INFO = INCLUDE_SOURCE;
				MTL_FAST_MATH = YES;
				ONLY_ACTIVE_ARCH = YES;
				SDKROOT = iphoneos;
				SWIFT_ACTIVE_COMPILATION_CONDITIONS = DEBUG;
				SWIFT_OPTIMIZATION_LEVEL = "-Onone";
			};
			name = Debug;
		};
		EBB4BBC2285CFA6F0061535D /* Release */ = {
			isa = XCBuildConfiguration;
			buildSettings = {
				ALWAYS_SEARCH_USER_PATHS = NO;
				CLANG_ANALYZER_NONNULL = YES;
				CLANG_ANALYZER_NUMBER_OBJECT_CONVERSION = YES_AGGRESSIVE;
				CLANG_CXX_LANGUAGE_STANDARD = "gnu++17";
				CLANG_ENABLE_MODULES = YES;
				CLANG_ENABLE_OBJC_ARC = YES;
				CLANG_ENABLE_OBJC_WEAK = YES;
				CLANG_WARN_BLOCK_CAPTURE_AUTORELEASING = YES;
				CLANG_WARN_BOOL_CONVERSION = YES;
				CLANG_WARN_COMMA = YES;
				CLANG_WARN_CONSTANT_CONVERSION = YES;
				CLANG_WARN_DEPRECATED_OBJC_IMPLEMENTATIONS = YES;
				CLANG_WARN_DIRECT_OBJC_ISA_USAGE = YES_ERROR;
				CLANG_WARN_DOCUMENTATION_COMMENTS = YES;
				CLANG_WARN_EMPTY_BODY = YES;
				CLANG_WARN_ENUM_CONVERSION = YES;
				CLANG_WARN_INFINITE_RECURSION = YES;
				CLANG_WARN_INT_CONVERSION = YES;
				CLANG_WARN_NON_LITERAL_NULL_CONVERSION = YES;
				CLANG_WARN_OBJC_IMPLICIT_RETAIN_SELF = YES;
				CLANG_WARN_OBJC_LITERAL_CONVERSION = YES;
				CLANG_WARN_OBJC_ROOT_CLASS = YES_ERROR;
				CLANG_WARN_QUOTED_INCLUDE_IN_FRAMEWORK_HEADER = YES;
				CLANG_WARN_RANGE_LOOP_ANALYSIS = YES;
				CLANG_WARN_STRICT_PROTOTYPES = YES;
				CLANG_WARN_SUSPICIOUS_MOVE = YES;
				CLANG_WARN_UNGUARDED_AVAILABILITY = YES_AGGRESSIVE;
				CLANG_WARN_UNREACHABLE_CODE = YES;
				CLANG_WARN__DUPLICATE_METHOD_MATCH = YES;
				COPY_PHASE_STRIP = NO;
				DEBUG_INFORMATION_FORMAT = "dwarf-with-dsym";
				ENABLE_NS_ASSERTIONS = NO;
				ENABLE_STRICT_OBJC_MSGSEND = YES;
				GCC_C_LANGUAGE_STANDARD = gnu11;
				GCC_NO_COMMON_BLOCKS = YES;
				GCC_WARN_64_TO_32_BIT_CONVERSION = YES;
				GCC_WARN_ABOUT_RETURN_TYPE = YES_ERROR;
				GCC_WARN_UNDECLARED_SELECTOR = YES;
				GCC_WARN_UNINITIALIZED_AUTOS = YES_AGGRESSIVE;
				GCC_WARN_UNUSED_FUNCTION = YES;
				GCC_WARN_UNUSED_VARIABLE = YES;
				IPHONEOS_DEPLOYMENT_TARGET = 15.5;
				MTL_ENABLE_DEBUG_INFO = NO;
				MTL_FAST_MATH = YES;
				SDKROOT = iphoneos;
				SWIFT_COMPILATION_MODE = wholemodule;
				SWIFT_OPTIMIZATION_LEVEL = "-O";
				VALIDATE_PRODUCT = YES;
			};
			name = Release;
		};
		EBB4BBC4285CFA6F0061535D /* Debug */ = {
			isa = XCBuildConfiguration;
			buildSettings = {
				ASSETCATALOG_COMPILER_APPICON_NAME = AppIcon;
				ASSETCATALOG_COMPILER_GLOBAL_ACCENT_COLOR_NAME = AccentColor;
				CODE_SIGN_STYLE = Automatic;
				CURRENT_PROJECT_VERSION = 1;
				DEVELOPMENT_ASSET_PATHS = "\"Devis/Preview Content\"";
				ENABLE_PREVIEWS = YES;
				GENERATE_INFOPLIST_FILE = YES;
				INFOPLIST_FILE = Devis/Info.plist;
				INFOPLIST_KEY_NSPhotoLibraryUsageDescription = " $(PRODUCT_NAME) woud like permission to access your photos";
				INFOPLIST_KEY_UIApplicationSceneManifest_Generation = YES;
				INFOPLIST_KEY_UIApplicationSupportsIndirectInputEvents = YES;
				INFOPLIST_KEY_UILaunchScreen_Generation = YES;
				INFOPLIST_KEY_UISupportedInterfaceOrientations_iPad = "UIInterfaceOrientationPortrait UIInterfaceOrientationPortraitUpsideDown UIInterfaceOrientationLandscapeLeft UIInterfaceOrientationLandscapeRight";
				INFOPLIST_KEY_UISupportedInterfaceOrientations_iPhone = "UIInterfaceOrientationPortrait UIInterfaceOrientationLandscapeLeft UIInterfaceOrientationLandscapeRight";
				LD_RUNPATH_SEARCH_PATHS = (
					"$(inherited)",
					"@executable_path/Frameworks",
				);
				MARKETING_VERSION = 1.0;
				PRODUCT_BUNDLE_IDENTIFIER = com.YosefAhab.Devis;
				PRODUCT_NAME = "$(TARGET_NAME)";
				SWIFT_EMIT_LOC_STRINGS = YES;
				SWIFT_VERSION = 5.0;
				TARGETED_DEVICE_FAMILY = "1,2";
			};
			name = Debug;
		};
		EBB4BBC5285CFA6F0061535D /* Release */ = {
			isa = XCBuildConfiguration;
			buildSettings = {
				ASSETCATALOG_COMPILER_APPICON_NAME = AppIcon;
				ASSETCATALOG_COMPILER_GLOBAL_ACCENT_COLOR_NAME = AccentColor;
				CODE_SIGN_STYLE = Automatic;
				CURRENT_PROJECT_VERSION = 1;
				DEVELOPMENT_ASSET_PATHS = "\"Devis/Preview Content\"";
				ENABLE_PREVIEWS = YES;
				GENERATE_INFOPLIST_FILE = YES;
				INFOPLIST_FILE = Devis/Info.plist;
				INFOPLIST_KEY_NSPhotoLibraryUsageDescription = " $(PRODUCT_NAME) woud like permission to access your photos";
				INFOPLIST_KEY_UIApplicationSceneManifest_Generation = YES;
				INFOPLIST_KEY_UIApplicationSupportsIndirectInputEvents = YES;
				INFOPLIST_KEY_UILaunchScreen_Generation = YES;
				INFOPLIST_KEY_UISupportedInterfaceOrientations_iPad = "UIInterfaceOrientationPortrait UIInterfaceOrientationPortraitUpsideDown UIInterfaceOrientationLandscapeLeft UIInterfaceOrientationLandscapeRight";
				INFOPLIST_KEY_UISupportedInterfaceOrientations_iPhone = "UIInterfaceOrientationPortrait UIInterfaceOrientationLandscapeLeft UIInterfaceOrientationLandscapeRight";
				LD_RUNPATH_SEARCH_PATHS = (
					"$(inherited)",
					"@executable_path/Frameworks",
				);
				MARKETING_VERSION = 1.0;
				PRODUCT_BUNDLE_IDENTIFIER = com.YosefAhab.Devis;
				PRODUCT_NAME = "$(TARGET_NAME)";
				SWIFT_EMIT_LOC_STRINGS = YES;
				SWIFT_VERSION = 5.0;
				TARGETED_DEVICE_FAMILY = "1,2";
			};
			name = Release;
		};
/* End XCBuildConfiguration section */

/* Begin XCConfigurationList section */
		EBB4BBB0285CFA6E0061535D /* Build configuration list for PBXProject "Devis" */ = {
			isa = XCConfigurationList;
			buildConfigurations = (
				EBB4BBC1285CFA6F0061535D /* Debug */,
				EBB4BBC2285CFA6F0061535D /* Release */,
			);
			defaultConfigurationIsVisible = 0;
			defaultConfigurationName = Release;
		};
		EBB4BBC3285CFA6F0061535D /* Build configuration list for PBXNativeTarget "Devis" */ = {
			isa = XCConfigurationList;
			buildConfigurations = (
				EBB4BBC4285CFA6F0061535D /* Debug */,
				EBB4BBC5285CFA6F0061535D /* Release */,
			);
			defaultConfigurationIsVisible = 0;
			defaultConfigurationName = Release;
		};
/* End XCConfigurationList section */
	};
	rootObject = EBB4BBAD285CFA6E0061535D /* Project object */;
}
